github.com/aws/aws-lambda-go v1.49.0 h1:z4VhTqkFZPM3xpEtTqWqRqsRH4TZBMJqTkRiBPYLqIQ=
github.com/aws/aws-lambda-go v1.49.0/go.mod h1:dpMpZgvWx5vuQJfBt0zqBha60q7Dd7RfgJv23DymV8A=
github.com/aws/aws-sdk-go-v2 v1.36.4 h1:GySzjhVvx0ERP6eyfAbAuAXLtAda5TEy19E5q5W8I9E=
github.com/aws/aws-sdk-go-v2 v1.36.4/go.mod h1:LLXuLpgzEbD766Z5ECcRmi8AzSwfZItDtmABVkRLGzg=
github.com/aws/aws-sdk-go-v2/feature/dynamodb/attributevalue v1.15.15 h1:2HXPu4MCUKVA/hU0g2DWtYgXjVPsj7Ujd+xif/Yl2fc=
github.com/aws/aws-sdk-go-v2/feature/dynamodb/attributevalue v1.15.15/go.mod h1:fqQI+CG2FX4yVDJORf6QAKLRw16yO+JcB6io1iubcm0=
github.com/aws/aws-sdk-go-v2/internal/configsources v1.3.35 h1:o1v1VFfPcDVlK3ll1L5xHsaQAFdNtZ5GXnNR7SwueC4=
github.com/aws/aws-sdk-go-v2/internal/configsources v1.3.35/go.mod h1:rZUQNYMNG+8uZxz9FOerQJ+FceCiodXvixpeRtdESrU=
github.com/aws/aws-sdk-go-v2/internal/endpoints/v2 v2.6.35 h1:R5b82ubO2NntENm3SAm0ADME+H630HomNJdgv+yZ3xw=
github.com/aws/aws-sdk-go-v2/internal/endpoints/v2 v2.6.35/go.mod h1:FuA+nmgMRfkzVKYDNEqQadvEMxtxl9+RLT9ribCwEMs=
github.com/aws/aws-sdk-go-v2/service/dynamodb v1.43.3 h1:2FCJAT5wyPs5JjAFoLgaEB0MIiWvXiJ0T6PZiKDkJoo=
github.com/aws/aws-sdk-go-v2/service/dynamodb v1.43.3/go.mod h1:rUOhTo9+gtTYTMnGD+xiiks/2Z8vssPP+uSMNhJBbmI=
github.com/aws/aws-sdk-go-v2/service/dynamodbstreams v1.24.5 h1:pc8+YeYe6bBe8D3QeBz9/S5kUZ9k9yoBMbljGIBMNK4=
github.com/aws/aws-sdk-go-v2/service/dynamodbstreams v1.24.5/go.mod h1:R09/8/9eLYHJ50PQ8FlIGjZb3XA2t2XhcI5E5332eCI=
github.com/aws/aws-sdk-go-v2/service/internal/accept-encoding v1.12.3 h1:eAh2A4b5IzM/lum78bZ590jy36+d/aFLgKF/4Vd1xPE=
github.com/aws/aws-sdk-go-v2/service/internal/accept-encoding v1.12.3/go.mod h1:0yKJC/kb8sAnmlYa6Zs3QVYqaC8ug2AbnNChv5Ox3uA=
github.com/aws/aws-sdk-go-v2/service/internal/endpoint-discovery v1.10.16 h1:TLsOzHW9zlJoMgjcKQI/7bolyv/DL0796y4NigWgaw8=
github.com/aws/aws-sdk-go-v2/service/internal/endpoint-discovery v1.10.16/go.mod h1:mNoiR5qsO9TxXZ6psjjQ3M+Zz7hURFTumXHF+UKjyAU=
github.com/aws/smithy-go v1.22.2 h1:6D9hW43xKFrRx/tXXfAlIZc4JI+yQe6snnWcQyxSyLQ=
github.com/aws/smithy-go v1.22.2/go.mod h1:irrKGvNn1InZwb2d7fkIRNucdfwR8R+Ts3wxYa/cJHg=
github.com/davecgh/go-spew v1.1.1 h1:vj9j/u1bqnvCEfJOwUhtlOARqs3+rkHYY13jYWTU97c=
github.com/davecgh/go-spew v1.1.1/go.mod h1:J7Y8YcW2NihsgmVo/mv3lAwl/skON4iLHjSsI+c5H38=
github.com/google/uuid v1.6.0 h1:NIvaJDMOsjHA8n1jAhLSgzrAzy1Hgr+hNrb57e+94F0=
github.com/google/uuid v1.6.0/go.mod h1:TIyPZe4MgqvfeYDBFedMoGGpEw/LqOeaOT+nhxU+yHo=
github.com/pmezard/go-difflib v1.0.0 h1:4DBwDE0NGyQoBHbLQYPwSUPoCMWR5BEzIk/f1lZbAQM=
github.com/pmezard/go-difflib v1.0.0/go.mod h1:iKH77koFhYxTK1pcRnkKkqfTogsbg7gZNVY4sRDYZ/4=
github.com/stretchr/testify v1.9.0 h1:HtqpIVDClZ4nwg75+f6Lvsy/wHu+3BoSGCbBAcpTsTg=
github.com/stretchr/testify v1.9.0/go.mod h1:r2ic/lqez/lEtzL7wO/rwa5dbSLXVDPFyf8C91i36aY=
gopkg.in/yaml.v3 v3.0.1 h1:fxVm/GzAzEWqLHuvctI91KS9hhNmmWOoWu0XTYJS7CA=
gopkg.in/yaml.v3 v3.0.1/go.mod h1:K4uyk7z7BCEPqu6E+C64Yfv1cQ7kz7rIZviUmN+EgEM=
